Microsoft Visual Studio Solution File, Format Version 12.00
# Visual Studio Version 17
VisualStudioVersion = 17.5.2.0
MinimumVisualStudioVersion = 10.0.40219.1
Project("{2150E333-8FDC-42A3-9474-1A3956D46DE8}") = "ClientApp", "ClientApp", "{43B6D8B4-2694-7735-C0D9-1A4418C4FC41}"
EndProject
Project("{2150E333-8FDC-42A3-9474-1A3956D46DE8}") = "ControlCenterApp", "ControlCenterApp", "{E88DBDBC-9EAC-989A-5B36-BD1E992B69CA}"
EndProject
Project("{2150E333-8FDC-42A3-9474-1A3956D46DE8}") = "clientapp-backend", "clientapp-backend", "{40031D45-BBAA-BD24-9BC3-BC5D1F9E46CE}"
EndProject
Project("{FAE04EC0-301F-11D3-BF4B-00C04F79EFBC}") = "ClientBackend", "ClientApp\clientapp-backend\ClientBackend.csproj", "{EDA46840-CB81-B1A8-CB73-DBE577552F85}"
EndProject
Project("{2150E333-8FDC-42A3-9474-1A3956D46DE8}") = "controlcenter-backend", "controlcenter-backend", "{E570F71B-29B3-95BA-7103-F954565B60F7}"
EndProject
Project("{FAE04EC0-301F-11D3-BF4B-00C04F79EFBC}") = "ControlCenterBackend", "ControlCenterApp\controlcenter-backend\ControlCenterBackend.csproj", "{8A3C6149-84DC-AA75-85CA-35358042234E}"
EndProject
Global
	GlobalSection(SolutionConfigurationPlatforms) = preSolution
		Debug|Any CPU = Debug|Any CPU
		Release|Any CPU = Release|Any CPU
	EndGlobalSection
	GlobalSection(ProjectConfigurationPlatforms) = postSolution
		{EDA46840-CB81-B1A8-CB73-DBE577552F85}.Debug|Any CPU.ActiveCfg = Debug|Any CPU
		{EDA46840-CB81-B1A8-CB73-DBE577552F85}.Debug|Any CPU.Build.0 = Debug|Any CPU
		{EDA46840-CB81-B1A8-CB73-DBE577552F85}.Release|Any CPU.ActiveCfg = Release|Any CPU
		{EDA46840-CB81-B1A8-CB73-DBE577552F85}.Release|Any CPU.Build.0 = Release|Any CPU
		{8A3C6149-84DC-AA75-85CA-35358042234E}.Debug|Any CPU.ActiveCfg = Debug|Any CPU
		{8A3C6149-84DC-AA75-85CA-35358042234E}.Debug|Any CPU.Build.0 = Debug|Any CPU
		{8A3C6149-84DC-AA75-85CA-35358042234E}.Release|Any CPU.ActiveCfg = Release|Any CPU
		{8A3C6149-84DC-AA75-85CA-35358042234E}.Release|Any CPU.Build.0 = Release|Any CPU
	EndGlobalSection
	GlobalSection(SolutionProperties) = preSolution
		HideSolutionNode = FALSE
	EndGlobalSection
	GlobalSection(NestedProjects) = preSolution
		{40031D45-BBAA-BD24-9BC3-BC5D1F9E46CE} = {43B6D8B4-2694-7735-C0D9-1A4418C4FC41}
		{EDA46840-CB81-B1A8-CB73-DBE577552F85} = {40031D45-BBAA-BD24-9BC3-BC5D1F9E46CE}
		{E570F71B-29B3-95BA-7103-F954565B60F7} = {E88DBDBC-9EAC-989A-5B36-BD1E992B69CA}
		{8A3C6149-84DC-AA75-85CA-35358042234E} = {E570F71B-29B3-95BA-7103-F954565B60F7}
	EndGlobalSection
	GlobalSection(ExtensibilityGlobals) = postSolution
		SolutionGuid = {07E07820-AB83-47F5-947E-28B373AD8D84}
	EndGlobalSection
EndGlobal
